
Microsoft Visual Studio Solution File, Format Version 12.00
# Visual Studio 2013
VisualStudioVersion = 12.0.30110.0
MinimumVisualStudioVersion = 10.0.40219.1
Project("{FAE04EC0-301F-11D3-BF4B-00C04F79EFBC}") = "TodoSample.Api", "TodoSample.Api\TodoSample.Api.csproj", "{55FD8BDD-B2C1-41EC-8A3C-395CCBA26361}"
EndProject
Project("{FAE04EC0-301F-11D3-BF4B-00C04F79EFBC}") = "TodoSample.Data", "TodoSample.Data\TodoSample.Data.csproj", "{64D46A3A-051E-45AA-B9F6-39A547136ED9}"
EndProject
Project("{FAE04EC0-301F-11D3-BF4B-00C04F79EFBC}") = "TodoSample.Processor", "TodoSample.Processor\TodoSample.Processor.csproj", "{DB48A097-3078-4AF6-A056-41F362AED204}"
EndProject
Global
	GlobalSection(SolutionConfigurationPlatforms) = preSolution
		Debug|Any CPU = Debug|Any CPU
		Release|Any CPU = Release|Any CPU
	EndGlobalSection
	GlobalSection(ProjectConfigurationPlatforms) = postSolution
		{55FD8BDD-B2C1-41EC-8A3C-395CCBA26361}.Debug|Any CPU.ActiveCfg = Debug|Any CPU
		{55FD8BDD-B2C1-41EC-8A3C-395CCBA26361}.Debug|Any CPU.Build.0 = Debug|Any CPU
		{55FD8BDD-B2C1-41EC-8A3C-395CCBA26361}.Release|Any CPU.ActiveCfg = Release|Any CPU
		{55FD8BDD-B2C1-41EC-8A3C-395CCBA26361}.Release|Any CPU.Build.0 = Release|Any CPU
		{64D46A3A-051E-45AA-B9F6-39A547136ED9}.Debug|Any CPU.ActiveCfg = Debug|Any CPU
		{64D46A3A-051E-45AA-B9F6-39A547136ED9}.Debug|Any CPU.Build.0 = Debug|Any CPU
		{64D46A3A-051E-45AA-B9F6-39A547136ED9}.Release|Any CPU.ActiveCfg = Release|Any CPU
		{64D46A3A-051E-45AA-B9F6-39A547136ED9}.Release|Any CPU.Build.0 = Release|Any CPU
		{DB48A097-3078-4AF6-A056-41F362AED204}.Debug|Any CPU.ActiveCfg = Debug|Any CPU
		{DB48A097-3078-4AF6-A056-41F362AED204}.Debug|Any CPU.Build.0 = Debug|Any CPU
		{DB48A097-3078-4AF6-A056-41F362AED204}.Release|Any CPU.ActiveCfg = Release|Any CPU
		{DB48A097-3078-4AF6-A056-41F362AED204}.Release|Any CPU.Build.0 = Release|Any CPU
	EndGlobalSection
	GlobalSection(SolutionProperties) = preSolution
		HideSolutionNode = FALSE
	EndGlobalSection
EndGlobal
